
Microsoft Visual Studio Solution File, Format Version 12.00
# Visual Studio 15
VisualStudioVersion = 15.0.28307.645
MinimumVisualStudioVersion = 10.0.40219.1
Project("{FAE04EC0-301F-11D3-BF4B-00C04F79EFBC}") = "ServerHostingBackOffice", "ServerHostingBackOffice\ServerHostingBackOffice.csproj", "{E590EE3B-F667-4C0F-A611-C6DCE387FF59}"
EndProject
Project("{E24C65DC-7377-472B-9ABA-BC803B73C61A}") = "ServerHostingFrontOffice", "ServerHostingFrontOffice\", "{8FF0EBFF-DF58-4204-A688-00331193FE65}"
	ProjectSection(WebsiteProperties) = preProject
		TargetFrameworkMoniker = ".NETFramework,Version%3Dv4.6.1"
		ProjectReferences = "{20e46cb2-ea5f-448d-8b3c-8e6ab8020eb6}|ServerHostingLibrary.dll;"
		Debug.AspNetCompiler.VirtualPath = "/localhost_3521"
		Debug.AspNetCompiler.PhysicalPath = "ServerHostingFrontOffice\"
		Debug.AspNetCompiler.TargetPath = "PrecompiledWeb\localhost_3521\"
		Debug.AspNetCompiler.Updateable = "true"
		Debug.AspNetCompiler.ForceOverwrite = "true"
		Debug.AspNetCompiler.FixedNames = "false"
		Debug.AspNetCompiler.Debug = "True"
		Release.AspNetCompiler.VirtualPath = "/localhost_3521"
		Release.AspNetCompiler.PhysicalPath = "ServerHostingFrontOffice\"
		Release.AspNetCompiler.TargetPath = "PrecompiledWeb\localhost_3521\"
		Release.AspNetCompiler.Updateable = "true"
		Release.AspNetCompiler.ForceOverwrite = "true"
		Release.AspNetCompiler.FixedNames = "false"
		Release.AspNetCompiler.Debug = "False"
		VWDPort = "3521"
		SlnRelativePath = "ServerHostingFrontOffice\"
		DefaultWebSiteLanguage = "Visual C#"
	EndProjectSection
EndProject
Project("{FAE04EC0-301F-11D3-BF4B-00C04F79EFBC}") = "ServerHostingTesting", "ServerHostingTesting\ServerHostingTesting.csproj", "{E398D4C2-1583-433E-BDED-970928B3984A}"
EndProject
Project("{FAE04EC0-301F-11D3-BF4B-00C04F79EFBC}") = "ServerHostingLibrary", "ServerHostingLibrary\ServerHostingLibrary.csproj", "{20E46CB2-EA5F-448D-8B3C-8E6AB8020EB6}"
EndProject
Global
	GlobalSection(SolutionConfigurationPlatforms) = preSolution
		Debug|Any CPU = Debug|Any CPU
		Release|Any CPU = Release|Any CPU
	EndGlobalSection
	GlobalSection(ProjectConfigurationPlatforms) = postSolution
		{E590EE3B-F667-4C0F-A611-C6DCE387FF59}.Debug|Any CPU.ActiveCfg = Debug|Any CPU
		{E590EE3B-F667-4C0F-A611-C6DCE387FF59}.Debug|Any CPU.Build.0 = Debug|Any CPU
		{E590EE3B-F667-4C0F-A611-C6DCE387FF59}.Release|Any CPU.ActiveCfg = Release|Any CPU
		{E590EE3B-F667-4C0F-A611-C6DCE387FF59}.Release|Any CPU.Build.0 = Release|Any CPU
		{8FF0EBFF-DF58-4204-A688-00331193FE65}.Debug|Any CPU.ActiveCfg = Debug|Any CPU
		{8FF0EBFF-DF58-4204-A688-00331193FE65}.Debug|Any CPU.Build.0 = Debug|Any CPU
		{8FF0EBFF-DF58-4204-A688-00331193FE65}.Release|Any CPU.ActiveCfg = Debug|Any CPU
		{8FF0EBFF-DF58-4204-A688-00331193FE65}.Release|Any CPU.Build.0 = Debug|Any CPU
		{E398D4C2-1583-433E-BDED-970928B3984A}.Debug|Any CPU.ActiveCfg = Debug|Any CPU
		{E398D4C2-1583-433E-BDED-970928B3984A}.Debug|Any CPU.Build.0 = Debug|Any CPU
		{E398D4C2-1583-433E-BDED-970928B3984A}.Release|Any CPU.ActiveCfg = Release|Any CPU
		{E398D4C2-1583-433E-BDED-970928B3984A}.Release|Any CPU.Build.0 = Release|Any CPU
		{20E46CB2-EA5F-448D-8B3C-8E6AB8020EB6}.Debug|Any CPU.ActiveCfg = Debug|Any CPU
		{20E46CB2-EA5F-448D-8B3C-8E6AB8020EB6}.Debug|Any CPU.Build.0 = Debug|Any CPU
		{20E46CB2-EA5F-448D-8B3C-8E6AB8020EB6}.Release|Any CPU.ActiveCfg = Release|Any CPU
		{20E46CB2-EA5F-448D-8B3C-8E6AB8020EB6}.Release|Any CPU.Build.0 = Release|Any CPU
	EndGlobalSection
	GlobalSection(SolutionProperties) = preSolution
		HideSolutionNode = FALSE
	EndGlobalSection
	GlobalSection(ExtensibilityGlobals) = postSolution
		SolutionGuid = {5BC9F116-299B-4B9F-AB7D-5141A6CF1400}
	EndGlobalSection
EndGlobal
